{
  "lockfileVersion": 1,
  "configVersion": 0,
  "workspaces": {
    "": {
      "name": "linelord",
      "dependencies": {
        "@opentui/core": "0.5.14",
        "@opentui/react": "0.5.14",
        "drizzle-orm": "^0.44.1",
        "fastest-levenshtein": "^1.0.16",
        "meow": "^13.2.0",
        "picomatch": "^4.0.7",
        "react": "^19.2.0",
      },
      "devDependencies": {
        "@biomejs/biome": "2.2.3",
        "@types/bun": "latest",
        "@types/picomatch": "^4.0.3",
        "@types/react": "^19.2.0",
        "typescript": "^5.8.3",
      },
    },
  },
  "packages": {
    "@biomejs/biome": ["@biomejs/biome@2.2.3", "", { "optionalDependencies": { "@biomejs/cli-darwin-arm64": "2.2.3", "@biomejs/cli-darwin-x64": "2.2.3", "@biomejs/cli-linux-arm64": "2.2.3", "@biomejs/cli-linux-arm64-musl": "2.2.3", "@biomejs/cli-linux-x64": "2.2.3", "@biomejs/cli-linux-x64-musl": "2.2.3", "@biomejs/cli-win32-arm64": "2.2.3", "@biomejs/cli-win32-x64": "2.2.3" }, "bin": { "biome": "bin/biome" } }, "sha512-9w0uMTvPrIdvUrxazZ42Ib7t8Y2yoGLKLdNne93RLICmaHw7mcLv4PPb5LvZLJF3141gQHiCColOh/v6VWlWmg=="],

    "@biomejs/cli-darwin-arm64": ["@biomejs/cli-darwin-arm64@2.2.3", "", { "os": "darwin", "cpu": "arm64" }, "sha512-OrqQVBpadB5eqzinXN4+Q6honBz+tTlKVCsbEuEpljK8ASSItzIRZUA02mTikl3H/1nO2BMPFiJ0nkEZNy3B1w=="],

    "@biomejs/cli-darwin-x64": ["@biomejs/cli-darwin-x64@2.2.3", "", { "os": "darwin", "cpu": "x64" }, "sha512-OCdBpb1TmyfsTgBAM1kPMXyYKTohQ48WpiN9tkt9xvU6gKVKHY4oVwteBebiOqyfyzCNaSiuKIPjmHjUZ2ZNMg=="],

    "@biomejs/cli-linux-arm64": ["@biomejs/cli-linux-arm64@2.2.3", "", { "os": "linux", "cpu": "arm64" }, "sha512-g/Uta2DqYpECxG+vUmTAmUKlVhnGEcY7DXWgKP8ruLRa8Si1QHsWknPY3B/wCo0KgYiFIOAZ9hjsHfNb9L85+g=="],

    "@biomejs/cli-linux-arm64-musl": ["@biomejs/cli-linux-arm64-musl@2.2.3", "", { "os": "linux", "cpu": "arm64" }, "sha512-q3w9jJ6JFPZPeqyvwwPeaiS/6NEszZ+pXKF+IczNo8Xj6fsii45a4gEEicKyKIytalV+s829ACZujQlXAiVLBQ=="],

    "@biomejs/cli-linux-x64": ["@biomejs/cli-linux-x64@2.2.3", "", { "os": "linux", "cpu": "x64" }, "sha512-LEtyYL1fJsvw35CxrbQ0gZoxOG3oZsAjzfRdvRBRHxOpQ91Q5doRVjvWW/wepgSdgk5hlaNzfeqpyGmfSD0Eyw=="],

    "@biomejs/cli-linux-x64-musl": ["@biomejs/cli-linux-x64-musl@2.2.3", "", { "os": "linux", "cpu": "x64" }, "sha512-y76Dn4vkP1sMRGPFlNc+OTETBhGPJ90jY3il6jAfur8XWrYBQV3swZ1Jo0R2g+JpOeeoA0cOwM7mJG6svDz79w=="],

    "@biomejs/cli-win32-arm64": ["@biomejs/cli-win32-arm64@2.2.3", "", { "os": "win32", "cpu": "arm64" }, "sha512-Ms9zFYzjcJK7LV+AOMYnjN3pV3xL8Prxf9aWdDVL74onLn5kcvZ1ZMQswE5XHtnd/r/0bnUd928Rpbs14BzVmA=="],

    "@biomejs/cli-win32-x64": ["@biomejs/cli-win32-x64@2.2.3", "", { "os": "win32", "cpu": "x64" }, "sha512-gvCpewE7mBwBIpqk1YrUqNR4mCiyJm6UI3YWQQXkedSSEwzRdodRpaKhbdbHw1/hmTWOVXQ+Eih5Qctf4TCVOQ=="],

    "@opentui/core": ["@opentui/core@0.5.14", "", { "dependencies": { "bun-ffi-structs": "0.3.1", "diff": "9.0.0", "marked": "17.0.1", "string-width": "7.2.0", "strip-ansi": "7.1.2" }, "optionalDependencies": { "@opentui/core-darwin-arm64": "0.5.14", "@opentui/core-darwin-x64": "0.5.14", "@opentui/core-linux-arm64": "0.5.14", "@opentui/core-linux-arm64-musl": "0.5.14", "@opentui/core-linux-x64": "0.5.14", "@opentui/core-linux-x64-musl": "0.5.14", "@opentui/core-win32-arm64": "0.5.14", "@opentui/core-win32-x64": "0.5.14" }, "peerDependencies": { "web-tree-sitter": "0.25.10" } }, "sha512-tfQ+PWQyeBnYloB3diEcPqbILv14xemH5jjAEICfPuyNDtGBqrjhUtThrhbvFRuPMcj6IEeXrAk6VE8e91h0kg=="],

    "@opentui/core-darwin-arm64": ["@opentui/core-darwin-arm64@0.5.14", "", { "os": "darwin", "cpu": "arm64" }, "sha512-wWmw41wRMBoI0lN9mgyzGRwYujwwfNkBP6jYM99k4Bx2XkeSZ3sCeu5bwX9vEJPYqjiBShbDhc0NnVSP7NwzVg=="],

    "@opentui/core-darwin-x64": ["@opentui/core-darwin-x64@0.5.14", "", { "os": "darwin", "cpu": "x64" }, "sha512-7smHKDH8IhUaBsgYuAClMl2mHWu+yjpMrtdw3wEvBVtCzKMrHi/TJ5PtydO+IfUzR3BXpVubdbR1irD8BTcR/w=="],

    "@opentui/core-linux-arm64": ["@opentui/core-linux-arm64@0.5.14", "", { "os": "linux", "cpu": "arm64" }, "sha512-xH1hP+NaLySEJeZkl21NlkZBMddMfQ1jU8NeX1AEBc2GNBOvDXU4Ud/xw87SrAvU1xG9K7/9C4oy4AmIMEpVGg=="],

    "@opentui/core-linux-arm64-musl": ["@opentui/core-linux-arm64-musl@0.5.14", "", { "os": "linux", "cpu": "arm64" }, "sha512-mnBBAuTb92NiRLAjOD755tS8/tNQemDztbg9tMvoCT90G52FtVrRb31Ge6OrYqfm0c9DkZGhEBOhunsId/4zSA=="],

    "@opentui/core-linux-x64": ["@opentui/core-linux-x64@0.5.14", "", { "os": "linux", "cpu": "x64" }, "sha512-Hkk4kaDGMcn9bmJFJPW3/QOGGbPuWe3sCFV/CkiVb4+bCvcTm7EXQr4QTAA63BYy2dKE5bUFUi1zZlyeMkWpnA=="],

    "@opentui/core-linux-x64-musl": ["@opentui/core-linux-x64-musl@0.5.14", "", { "os": "linux", "cpu": "x64" }, "sha512-ngJ+U2grOGEteeQvZdAJNqn09M+At5mfWInauK5aS427bea1yLo+e6hor/CRmbn9SxEEF+SwoyekaOrLPWyU7w=="],

    "@opentui/core-win32-arm64": ["@opentui/core-win32-arm64@0.5.14", "", { "os": "win32", "cpu": "arm64" }, "sha512-T9kNqKXg2jysmTsyyZ1A8LBQotFBM+iPjzyRslxyexqrs8a1UcmxbApEo+COtxQuqukMTbvwyqEdAT8vcmxEkQ=="],

    "@opentui/core-win32-x64": ["@opentui/core-win32-x64@0.5.14", "", { "os": "win32", "cpu": "x64" }, "sha512-mqKSkab8VdMLSmMdocna7+BTyMoIutkVXOV9lfmPrBO2g7Np5c6c4SJ4QIVZqPvast11XyT0/7FfXOYLKAS72w=="],

    "@opentui/react": ["@opentui/react@0.5.14", "", { "dependencies": { "@opentui/core": "0.5.14", "react-reconciler": "^0.33.0" }, "peerDependencies": { "react": ">=19.2.0", "react-devtools-core": "^7.0.1", "ws": "^8.18.0" } }, "sha512-EyRO8sVAvkv1H6tKh8/uaReWN/P4kH5xDzec2eu6clTY13XZMJXNnI9kHu1ddAddb18L2LYe+vXFOqDCmEyZVA=="],

    "@types/bun": ["@types/bun@1.2.15", "", { "dependencies": { "bun-types": "1.2.15" } }, "sha512-U1ljPdBEphF0nw1MIk0hI7kPg7dFdPyM7EenHsp6W5loNHl7zqy6JQf/RKCgnUn2KDzUpkBwHPnEJEjII594bA=="],

    "@types/node": ["@types/node@22.15.21", "", { "dependencies": { "undici-types": "~6.21.0" } }, "sha512-EV/37Td6c+MgKAbkcLG6vqZ2zEYHD7bvSrzqqs2RIhbA6w3x+Dqz8MZM3sP6kGTeLrdoOgKZe+Xja7tUB2DNkQ=="],

    "@types/picomatch": ["@types/picomatch@4.0.3", "", {}, "sha512-iG0T6+nYJ9FAPmx9SsUlnwcq1ZVRuCXcVEvWnntoPlrOpwtSTKNDC9uVAxTsC3PUvJ+99n4RpAcNgBbHX3JSnQ=="],

    "@types/react": ["@types/react@19.3.0", "", { "dependencies": { "csstype": "^3.2.2" } }, "sha512-N0rFCuH9YoxG9/m61l9MfpJKfmLOVU0em7ipIz6TRgSSkvReLB9vL85GB+yr8Bs5leqpvg96JSwF4ZS1s4viQg=="],

    "ansi-regex": ["ansi-regex@6.4.0", "", {}, "sha512-KzTVk2tCWAHtYrvvvaP8bJKJq2pVinhLcGEQdtLIYPbmNGNyYe8QwNaTUYQp2J7/vIsUKt5QCqAfUkYyG9DkOw=="],

    "bun-ffi-structs": ["bun-ffi-structs@0.3.1", "", { "peerDependencies": { "typescript": "^5" } }, "sha512-3gM7PpVWLyrwxWjcilSiGuhWanhZivvo6l0u573NziPH6f/gwk6McbaYgn7oJWov6pKGRTDbrg94W5DcJsKTtQ=="],

    "bun-types": ["bun-types@1.2.15", "", { "dependencies": { "@types/node": "*" } }, "sha512-NarRIaS+iOaQU1JPfyKhZm4AsUOrwUOqRNHY0XxI8GI8jYxiLXLcdjYMG9UKS+fwWasc1uw1htV9AX24dD+p4w=="],

    "csstype": ["csstype@3.2.3", "", {}, "sha512-z1HGKcYy2xA8AGQfwrn0PAy+PB7X/GSj3UVJW9qKyn43xWa+gl5nXmU4qqLMRzWVLFC8KusUX8T/0kCiOYpAIQ=="],

    "diff": ["diff@9.0.0", "", {}, "sha512-svtcdpS8CgJyqAjEQIXdb3OjhFVVYjzGAPO8WGCmRbrml64SPw/jJD4GoE98aR7r25A0XcgrK3F02yw9R/vhQw=="],

    "drizzle-orm": ["drizzle-orm@0.44.1", "", { "peerDependencies": { "@aws-sdk/client-rds-data": ">=3", "@cloudflare/workers-types": ">=4", "@electric-sql/pglite": ">=0.2.0", "@libsql/client": ">=0.10.0", "@libsql/client-wasm": ">=0.10.0", "@neondatabase/serverless": ">=0.10.0", "@op-engineering/op-sqlite": ">=2", "@opentelemetry/api": "^1.4.1", "@planetscale/database": ">=1.13", "@prisma/client": "*", "@tidbcloud/serverless": "*", "@types/better-sqlite3": "*", "@types/pg": "*", "@types/sql.js": "*", "@upstash/redis": ">=1.34.7", "@vercel/postgres": ">=0.8.0", "@xata.io/client": "*", "better-sqlite3": ">=7", "bun-types": "*", "expo-sqlite": ">=14.0.0", "gel": ">=2", "knex": "*", "kysely": "*", "mysql2": ">=2", "pg": ">=8", "postgres": ">=3", "sql.js": ">=1", "sqlite3": ">=5" }, "optionalPeers": ["@aws-sdk/client-rds-data", "@cloudflare/workers-types", "@electric-sql/pglite", "@libsql/client", "@libsql/client-wasm", "@neondatabase/serverless", "@op-engineering/op-sqlite", "@opentelemetry/api", "@planetscale/database", "@prisma/client", "@tidbcloud/serverless", "@types/better-sqlite3", "@types/pg", "@types/sql.js", "@upstash/redis", "@vercel/postgres", "@xata.io/client", "better-sqlite3", "bun-types", "expo-sqlite", "gel", "knex", "kysely", "mysql2", "pg", "postgres", "sql.js", "sqlite3"] }, "sha512-prIWOlwJbiYInvcJxE+IMiJCtMiFVrSUJCwx6AXSJvGOdLu35qZ46QncTZDgloiLNCG0XxTC8agQElSmsl++TA=="],

    "emoji-regex": ["emoji-regex@10.6.0", "", {}, "sha512-toUI84YS5YmxW219erniWD0CIVOo46xGKColeNQRgOzDorgBi1v4D71/OFzgD9GO2UGKIv1C3Sp8DAn0+j5w7A=="],

    "fastest-levenshtein": ["fastest-levenshtein@1.0.16", "", {}, "sha512-eRnCtTTtGZFpQCwhJiUOuxPQWRXVKYDn0b2PeHfXL6/Zi53SLAzAHfVhVWK2AryC/WH05kGfxhFIPvTF0SXQzg=="],

    "get-east-asian-width": ["get-east-asian-width@1.7.0", "", {}, "sha512-XjH1AECxf0giL2V1aU8vKyRR2ppRUb5c0EvT7zuJTokQ74bNo52zOtghqdWIqrhUD79fo3x0WfKZdOqxF6LG1Q=="],

    "marked": ["marked@17.0.1", "", { "bin": { "marked": "bin/marked.js" } }, "sha512-boeBdiS0ghpWcSwoNm/jJBwdpFaMnZWRzjA6SkUMYb40SVaN1x7mmfGKp0jvexGcx+7y2La5zRZsYFZI6Qpypg=="],

    "meow": ["meow@13.2.0", "", {}, "sha512-pxQJQzB6djGPXh08dacEloMFopsOqGVRKFPYvPOt9XDZ1HasbgDZA74CJGreSU4G3Ak7EFJGoiH2auq+yXISgA=="],

    "picomatch": ["picomatch@4.0.7", "", {}, "sha512-qcJu88Q2IWqJsDD529JKMdwGm/dvInW4HvQnRwiH9JtihJvzGOscDtHE3x1pBKeUOTysQ8kVmLnJ2kJu7yhcGA=="],

    "react": ["react@19.3.0", "", {}, "sha512-E8LUcbtBWt20bbl2YoHfx4ZDBdxVTfOKtCZn9cDSJ4l6/nuoApcpIBcj47t2wZoVX8g2ZHuMHbiShgCR1T5Sog=="],

    "react-devtools-core": ["react-devtools-core@7.0.1", "", { "dependencies": { "shell-quote": "^1.6.1", "ws": "^7" } }, "sha512-C3yNvRHaizlpiASzy7b9vbnBGLrhvdhl1CbdU6EnZgxPNbai60szdLtl+VL76UNOt5bOoVTOz5rNWZxgGt+Gsw=="],

    "react-reconciler": ["react-reconciler@0.33.0", "", { "dependencies": { "scheduler": "^0.27.0" }, "peerDependencies": { "react": "^19.2.0" } }, "sha512-KetWRytFv1epdpJc3J4G75I4WrplZE5jOL7Yq0p34+OVOKF4Se7WrdIdVC45XsSSmUTlht2FM/fM1FZb1mfQeA=="],

    "scheduler": ["scheduler@0.27.0", "", {}, "sha512-eNv+WrVbKu1f3vbYJT/xtiF5syA5HPIMtf9IgY/nKg0sWqzAUEvqY/xm7OcZc/qafLx/iO9FgOmeSAp4v5ti/Q=="],

    "shell-quote": ["shell-quote@1.12.0", "", {}, "sha512-PcByqNyT/38F2kDNi006HAMRJaULuBzq/FOsw3qdZvX/GA9W/jamDaRskgHjubHiftXK5sIFxLNkvrXUwcof6Q=="],

    "string-width": ["string-width@7.2.0", "", { "dependencies": { "emoji-regex": "^10.3.0", "get-east-asian-width": "^1.0.0", "strip-ansi": "^7.1.0" } }, "sha512-tsaTIkKW9b4N+AEj+SVA+WhJzV7/zMhcSu78mLKWSk7cXMOSHsBKFWUs0fWwq8QyK3MgJBQRX6Gbi4kYbdvGkQ=="],

    "strip-ansi": ["strip-ansi@7.1.2", "", { "dependencies": { "ansi-regex": "^6.0.1" } }, "sha512-gmBGslpoQJtgnMAvOVqGZpEz9dyoKTCzy2nfz/n8aIFhN/jCE/rCmcxabB6jOOHV+0WNnylOxaxBQPSvcWklhA=="],

    "typescript": ["typescript@5.8.3", "", { "bin": { "tsc": "bin/tsc", "tsserver": "bin/tsserver" } }, "sha512-p1diW6TqL9L07nNxvRMM7hMMw4c5XOo/1ibL4aAIGmSAt9slTE1Xgw5KWuof2uTOvCg9BY7ZRi+GaF+7sfgPeQ=="],

    "undici-types": ["undici-types@6.21.0", "", {}, "sha512-iwDZqg0QAGrg9Rav5H4n0M64c3mkR59cJ6wQp+7C4nI0gsmExaedaYLNO44eT4AtBBwjbTiGPMlt2Md0T9H9JQ=="],

    "web-tree-sitter": ["web-tree-sitter@0.25.10", "", { "peerDependencies": { "@types/emscripten": "^1.40.0" }, "optionalPeers": ["@types/emscripten"] }, "sha512-Y09sF44/13XvgVKgO2cNDw5rGk6s26MgoZPXLESvMXeefBf7i6/73eFurre0IsTW6E14Y0ArIzhUMmjoc7xyzA=="],

    "ws": ["ws@8.22.0", "", { "peerDependencies": { "bufferutil": "^4.0.1", "utf-8-validate": ">=5.0.2" }, "optionalPeers": ["bufferutil", "utf-8-validate"] }, "sha512-Ydggc987+RO0AnWtZ/7Wq9FtNvcrL1b/RO0ud9mWjUPgDrsAAwQSF51sm2hm1XofbU/4jkpGEsLFsZZxU+1DOg=="],

    "react-devtools-core/ws": ["ws@7.5.13", "", { "peerDependencies": { "bufferutil": "^4.0.1", "utf-8-validate": "^5.0.2" }, "optionalPeers": ["bufferutil", "utf-8-validate"] }, "sha512-rsKI6xDBFVf4r/x8XyChGK04QR/XHroxs/jUcoWvtEZM8TPU/X/uIY9B1CsSzYws9ZJb/6bbBu7dPhFW00CAoA=="],
  }
}
